{
  "name": "importmodules",
  "version": "1.0.0",
  "lockfileVersion": 3,
  "requires": true,
  "packages": {
    "": {
      "name": "importmodules",
      "version": "1.0.0",
      "license": "UNLICENSED",
      "dependencies": {
        "compute-lcm": "^1.1.2",
        "lcm": "^0.0.3"
      },
      "devDependencies": {
        "@types/lcm": "^0.0.0"
      }
    },
    "node_modules/@types/lcm": {
      "version": "0.0.0",
      "resolved": "https://registry.npmjs.org/@types/lcm/-/lcm-0.0.0.tgz",
      "integrity": "sha512-IEWAUS7GRjQpWEwnLoAyicmBuEJT5WrxRuG6g2K+ntX6GXLDsyOTAzDVDXTUQRAK1q/qcbFZNKNQNdtMmxQ5rw==",
      "dev": true
    },
    "node_modules/compute-gcd": {
      "version": "1.2.1",
      "resolved": "https://registry.npmjs.org/compute-gcd/-/compute-gcd-1.2.1.tgz",
      "integrity": "sha512-TwMbxBNz0l71+8Sc4czv13h4kEqnchV9igQZBi6QUaz09dnz13juGnnaWWJTRsP3brxOoxeB4SA2WELLw1hCtg==",
      "dependencies": {
        "validate.io-array": "^1.0.3",
        "validate.io-function": "^1.0.2",
        "validate.io-integer-array": "^1.0.0"
      }
    },
    "node_modules/compute-lcm": {
      "version": "1.1.2",
      "resolved": "https://registry.npmjs.org/compute-lcm/-/compute-lcm-1.1.2.tgz",
      "integrity": "sha512-OFNPdQAXnQhDSKioX8/XYT6sdUlXwpeMjfd6ApxMJfyZ4GxmLR1xvMERctlYhlHwIiz6CSpBc2+qYKjHGZw4TQ==",
      "dependencies": {
        "compute-gcd": "^1.2.1",
        "validate.io-array": "^1.0.3",
        "validate.io-function": "^1.0.2",
        "validate.io-integer-array": "^1.0.0"
      }
    },
    "node_modules/gcd": {
      "version": "0.0.1",
      "resolved": "https://registry.npmjs.org/gcd/-/gcd-0.0.1.tgz",
      "integrity": "sha512-VNx3UEGr+ILJTiMs1+xc5SX1cMgJCrXezKPa003APUWNqQqaF6n25W8VcR7nHN6yRWbvvUTwCpZCFJeWC2kXlw=="
    },
    "node_modules/lcm": {
      "version": "0.0.3",
      "resolved": "https://registry.npmjs.org/lcm/-/lcm-0.0.3.tgz",
      "integrity": "sha512-TB+ZjoillV6B26Vspf9l2L/vKaRY/4ep3hahcyVkCGFgsTNRUQdc24bQeNFiZeoxH0vr5+7SfNRMQuPHv/1IrQ==",
      "dependencies": {
        "gcd": "^0.0.1"
      }
    },
    "node_modules/validate.io-array": {
      "version": "1.0.6",
      "resolved": "https://registry.npmjs.org/validate.io-array/-/validate.io-array-1.0.6.tgz",
      "integrity": "sha512-DeOy7CnPEziggrOO5CZhVKJw6S3Yi7e9e65R1Nl/RTN1vTQKnzjfvks0/8kQ40FP/dsjRAOd4hxmJ7uLa6vxkg=="
    },
    "node_modules/validate.io-function": {
      "version": "1.0.2",
      "resolved": "https://registry.npmjs.org/validate.io-function/-/validate.io-function-1.0.2.tgz",
      "integrity": "sha512-LlFybRJEriSuBnUhQyG5bwglhh50EpTL2ul23MPIuR1odjO7XaMLFV8vHGwp7AZciFxtYOeiSCT5st+XSPONiQ=="
    },
    "node_modules/validate.io-integer": {
      "version": "1.0.5",
      "resolved": "https://registry.npmjs.org/validate.io-integer/-/validate.io-integer-1.0.5.tgz",
      "integrity": "sha512-22izsYSLojN/P6bppBqhgUDjCkr5RY2jd+N2a3DCAUey8ydvrZ/OkGvFPR7qfOpwR2LC5p4Ngzxz36g5Vgr/hQ==",
      "dependencies": {
        "validate.io-number": "^1.0.3"
      }
    },
    "node_modules/validate.io-integer-array": {
      "version": "1.0.0",
      "resolved": "https://registry.npmjs.org/validate.io-integer-array/-/validate.io-integer-array-1.0.0.tgz",
      "integrity": "sha512-mTrMk/1ytQHtCY0oNO3dztafHYyGU88KL+jRxWuzfOmQb+4qqnWmI+gykvGp8usKZOM0H7keJHEbRaFiYA0VrA==",
      "dependencies": {
        "validate.io-array": "^1.0.3",
        "validate.io-integer": "^1.0.4"
      }
    },
    "node_modules/validate.io-number": {
      "version": "1.0.3",
      "resolved": "https://registry.npmjs.org/validate.io-number/-/validate.io-number-1.0.3.tgz",
      "integrity": "sha512-kRAyotcbNaSYoDnXvb4MHg/0a1egJdLwS6oJ38TJY7aw9n93Fl/3blIXdyYvPOp55CNxywooG/3BcrwNrBpcSg=="
    }
  }
}
